
Microsoft Visual Studio Solution File, Format Version 12.00
# Visual Studio Version 17
VisualStudioVersion = 17.3.32825.248
MinimumVisualStudioVersion = 10.0.40219.1
Project("{2150E333-8FDC-42A3-9474-1A3956D46DE8}") = "src", "src", "{DF7BF4A2-3031-4912-A659-87723259FFB8}"
EndProject
Project("{2150E333-8FDC-42A3-9474-1A3956D46DE8}") = "Core", "Core", "{CF13A2F3-30DA-4E29-A4A3-5293EBFDDEC0}"
EndProject
Project("{9A19103F-16F7-4668-BE54-9A1E7A4F7556}") = "TimApp.Domain", "src\Core\TimApp.Domain\TimApp.Domain.csproj", "{00084FAF-B6E1-4074-AFF1-5F3DB21C789C}"
EndProject
Project("{9A19103F-16F7-4668-BE54-9A1E7A4F7556}") = "TimApp.Applicaiton", "src\Core\TimApp.Applicaiton\TimApp.Applicaiton.csproj", "{9D345E41-EC6E-459F-ABA0-A8229F33313F}"
EndProject
Project("{2150E333-8FDC-42A3-9474-1A3956D46DE8}") = "Infrastructure", "Infrastructure", "{BEFB926E-1A59-4896-BDD6-2D283E32C89C}"
EndProject
Project("{9A19103F-16F7-4668-BE54-9A1E7A4F7556}") = "TimApp.Persistence", "src\Infrastructure\TimApp.Persistence\TimApp.Persistence.csproj", "{176D78EB-1DAF-4CAF-A21A-021C7E1AE103}"
EndProject
Project("{2150E333-8FDC-42A3-9474-1A3956D46DE8}") = "WebUI", "WebUI", "{F1D38ABB-4A65-4B50-ADDC-6328B505C08F}"
EndProject
Project("{FAE04EC0-301F-11D3-BF4B-00C04F79EFBC}") = "TimApp.WebUI", "src\WebUI\TimApp.WebUI\TimApp.WebUI.csproj", "{87746BE6-E2B7-497D-B9E6-F2FE33CE0DEA}"
EndProject
Project("{FAE04EC0-301F-11D3-BF4B-00C04F79EFBC}") = "TimApp.BubbleSort", "TimApp.BubbleSort\TimApp.BubbleSort.csproj", "{AA8D9A7E-CBE4-4C6D-A12E-A2D2872132E7}"
EndProject
Global
	GlobalSection(SolutionConfigurationPlatforms) = preSolution
		Debug|Any CPU = Debug|Any CPU
		Release|Any CPU = Release|Any CPU
	EndGlobalSection
	GlobalSection(ProjectConfigurationPlatforms) = postSolution
		{00084FAF-B6E1-4074-AFF1-5F3DB21C789C}.Debug|Any CPU.ActiveCfg = Debug|Any CPU
		{00084FAF-B6E1-4074-AFF1-5F3DB21C789C}.Debug|Any CPU.Build.0 = Debug|Any CPU
		{00084FAF-B6E1-4074-AFF1-5F3DB21C789C}.Release|Any CPU.ActiveCfg = Release|Any CPU
		{00084FAF-B6E1-4074-AFF1-5F3DB21C789C}.Release|Any CPU.Build.0 = Release|Any CPU
		{9D345E41-EC6E-459F-ABA0-A8229F33313F}.Debug|Any CPU.ActiveCfg = Debug|Any CPU
		{9D345E41-EC6E-459F-ABA0-A8229F33313F}.Debug|Any CPU.Build.0 = Debug|Any CPU
		{9D345E41-EC6E-459F-ABA0-A8229F33313F}.Release|Any CPU.ActiveCfg = Release|Any CPU
		{9D345E41-EC6E-459F-ABA0-A8229F33313F}.Release|Any CPU.Build.0 = Release|Any CPU
		{176D78EB-1DAF-4CAF-A21A-021C7E1AE103}.Debug|Any CPU.ActiveCfg = Debug|Any CPU
		{176D78EB-1DAF-4CAF-A21A-021C7E1AE103}.Debug|Any CPU.Build.0 = Debug|Any CPU
		{176D78EB-1DAF-4CAF-A21A-021C7E1AE103}.Release|Any CPU.ActiveCfg = Release|Any CPU
		{176D78EB-1DAF-4CAF-A21A-021C7E1AE103}.Release|Any CPU.Build.0 = Release|Any CPU
		{87746BE6-E2B7-497D-B9E6-F2FE33CE0DEA}.Debug|Any CPU.ActiveCfg = Debug|Any CPU
		{87746BE6-E2B7-497D-B9E6-F2FE33CE0DEA}.Debug|Any CPU.Build.0 = Debug|Any CPU
		{87746BE6-E2B7-497D-B9E6-F2FE33CE0DEA}.Release|Any CPU.ActiveCfg = Release|Any CPU
		{87746BE6-E2B7-497D-B9E6-F2FE33CE0DEA}.Release|Any CPU.Build.0 = Release|Any CPU
		{AA8D9A7E-CBE4-4C6D-A12E-A2D2872132E7}.Debug|Any CPU.ActiveCfg = Debug|Any CPU
		{AA8D9A7E-CBE4-4C6D-A12E-A2D2872132E7}.Debug|Any CPU.Build.0 = Debug|Any CPU
		{AA8D9A7E-CBE4-4C6D-A12E-A2D2872132E7}.Release|Any CPU.ActiveCfg = Release|Any CPU
		{AA8D9A7E-CBE4-4C6D-A12E-A2D2872132E7}.Release|Any CPU.Build.0 = Release|Any CPU
	EndGlobalSection
	GlobalSection(SolutionProperties) = preSolution
		HideSolutionNode = FALSE
	EndGlobalSection
	GlobalSection(NestedProjects) = preSolution
		{CF13A2F3-30DA-4E29-A4A3-5293EBFDDEC0} = {DF7BF4A2-3031-4912-A659-87723259FFB8}
		{00084FAF-B6E1-4074-AFF1-5F3DB21C789C} = {CF13A2F3-30DA-4E29-A4A3-5293EBFDDEC0}
		{9D345E41-EC6E-459F-ABA0-A8229F33313F} = {CF13A2F3-30DA-4E29-A4A3-5293EBFDDEC0}
		{BEFB926E-1A59-4896-BDD6-2D283E32C89C} = {DF7BF4A2-3031-4912-A659-87723259FFB8}
		{176D78EB-1DAF-4CAF-A21A-021C7E1AE103} = {BEFB926E-1A59-4896-BDD6-2D283E32C89C}
		{F1D38ABB-4A65-4B50-ADDC-6328B505C08F} = {DF7BF4A2-3031-4912-A659-87723259FFB8}
		{87746BE6-E2B7-497D-B9E6-F2FE33CE0DEA} = {F1D38ABB-4A65-4B50-ADDC-6328B505C08F}
	EndGlobalSection
	GlobalSection(ExtensibilityGlobals) = postSolution
		SolutionGuid = {B12DF684-CA13-4444-9F38-360185E564AA}
	EndGlobalSection
EndGlobal
